
Microsoft Visual Studio Solution File, Format Version 12.00
# Visual Studio Version 16
VisualStudioVersion = 16.0.29613.14
MinimumVisualStudioVersion = 10.0.40219.1
Project("{2150E333-8FDC-42A3-9474-1A3956D46DE8}") = "DataAccess", "DataAccess", "{BFE32A28-6227-482B-A7B0-7EB7894CED62}"
EndProject
Project("{2150E333-8FDC-42A3-9474-1A3956D46DE8}") = "BusinessEngine", "BusinessEngine", "{1818285C-E12E-4FF5-A993-8F87A4E57FCB}"
EndProject
Project("{FAE04EC0-301F-11D3-BF4B-00C04F79EFBC}") = "MainInventory", "MainInventoryForms\MainInventory.csproj", "{4ADA3462-0AAC-473A-B4C2-47922518EFB8}"
EndProject
Project("{FAE04EC0-301F-11D3-BF4B-00C04F79EFBC}") = "InventoryDataAccess", "InventoryDataAccess\InventoryDataAccess.csproj", "{BABCA3EB-8F69-408C-8712-7B0D05C03413}"
EndProject
Project("{FAE04EC0-301F-11D3-BF4B-00C04F79EFBC}") = "Admin", "AdminForms\Admin.csproj", "{A7ED4B87-439E-43D0-8E03-A8C737059F66}"
EndProject
Project("{FAE04EC0-301F-11D3-BF4B-00C04F79EFBC}") = "Category", "CategoryForms\Category.csproj", "{CE313CFE-F96C-4AAD-935F-B4E95725AC45}"
EndProject
Project("{FAE04EC0-301F-11D3-BF4B-00C04F79EFBC}") = "Brand", "Brand\Brand.csproj", "{242114C9-1C40-4155-BD8F-839338E2C620}"
EndProject
Project("{FAE04EC0-301F-11D3-BF4B-00C04F79EFBC}") = "Product", "Product\Product.csproj", "{F88670A7-6E91-444D-AB57-AD6F875E5465}"
EndProject
Project("{FAE04EC0-301F-11D3-BF4B-00C04F79EFBC}") = "Customer", "Customer\Customer.csproj", "{74D26C59-53BC-4F28-BD14-1BE4D7FB255D}"
EndProject
Project("{FAE04EC0-301F-11D3-BF4B-00C04F79EFBC}") = "Supplier", "Supplier\Supplier.csproj", "{371BE112-EBD3-4151-9975-E9B8165235C7}"
EndProject
Project("{FAE04EC0-301F-11D3-BF4B-00C04F79EFBC}") = "PurchaseOrder", "PurchaseOrder\PurchaseOrder.csproj", "{2C07002F-C0C2-42B1-8B67-00219F6DC2A4}"
EndProject
Project("{FAE04EC0-301F-11D3-BF4B-00C04F79EFBC}") = "PurchaseItem", "PurchaseItem\PurchaseItem.csproj", "{3CFB5A14-164D-4D49-867A-A4E078F2A8FA}"
EndProject
Project("{FAE04EC0-301F-11D3-BF4B-00C04F79EFBC}") = "SalesOrder", "SalesOrder\SalesOrder.csproj", "{ADE0CF13-29BC-4018-BE45-8736B926A4DF}"
EndProject
Global
	GlobalSection(SolutionConfigurationPlatforms) = preSolution
		Debug|Any CPU = Debug|Any CPU
		Release|Any CPU = Release|Any CPU
	EndGlobalSection
	GlobalSection(ProjectConfigurationPlatforms) = postSolution
		{4ADA3462-0AAC-473A-B4C2-47922518EFB8}.Debug|Any CPU.ActiveCfg = Debug|Any CPU
		{4ADA3462-0AAC-473A-B4C2-47922518EFB8}.Debug|Any CPU.Build.0 = Debug|Any CPU
		{4ADA3462-0AAC-473A-B4C2-47922518EFB8}.Release|Any CPU.ActiveCfg = Release|Any CPU
		{4ADA3462-0AAC-473A-B4C2-47922518EFB8}.Release|Any CPU.Build.0 = Release|Any CPU
		{BABCA3EB-8F69-408C-8712-7B0D05C03413}.Debug|Any CPU.ActiveCfg = Debug|Any CPU
		{BABCA3EB-8F69-408C-8712-7B0D05C03413}.Debug|Any CPU.Build.0 = Debug|Any CPU
		{BABCA3EB-8F69-408C-8712-7B0D05C03413}.Release|Any CPU.ActiveCfg = Release|Any CPU
		{BABCA3EB-8F69-408C-8712-7B0D05C03413}.Release|Any CPU.Build.0 = Release|Any CPU
		{A7ED4B87-439E-43D0-8E03-A8C737059F66}.Debug|Any CPU.ActiveCfg = Debug|Any CPU
		{A7ED4B87-439E-43D0-8E03-A8C737059F66}.Debug|Any CPU.Build.0 = Debug|Any CPU
		{A7ED4B87-439E-43D0-8E03-A8C737059F66}.Release|Any CPU.ActiveCfg = Release|Any CPU
		{A7ED4B87-439E-43D0-8E03-A8C737059F66}.Release|Any CPU.Build.0 = Release|Any CPU
		{CE313CFE-F96C-4AAD-935F-B4E95725AC45}.Debug|Any CPU.ActiveCfg = Debug|Any CPU
		{CE313CFE-F96C-4AAD-935F-B4E95725AC45}.Debug|Any CPU.Build.0 = Debug|Any CPU
		{CE313CFE-F96C-4AAD-935F-B4E95725AC45}.Release|Any CPU.ActiveCfg = Release|Any CPU
		{CE313CFE-F96C-4AAD-935F-B4E95725AC45}.Release|Any CPU.Build.0 = Release|Any CPU
		{242114C9-1C40-4155-BD8F-839338E2C620}.Debug|Any CPU.ActiveCfg = Debug|Any CPU
		{242114C9-1C40-4155-BD8F-839338E2C620}.Debug|Any CPU.Build.0 = Debug|Any CPU
		{242114C9-1C40-4155-BD8F-839338E2C620}.Release|Any CPU.ActiveCfg = Release|Any CPU
		{242114C9-1C40-4155-BD8F-839338E2C620}.Release|Any CPU.Build.0 = Release|Any CPU
		{F88670A7-6E91-444D-AB57-AD6F875E5465}.Debug|Any CPU.ActiveCfg = Debug|Any CPU
		{F88670A7-6E91-444D-AB57-AD6F875E5465}.Debug|Any CPU.Build.0 = Debug|Any CPU
		{F88670A7-6E91-444D-AB57-AD6F875E5465}.Release|Any CPU.ActiveCfg = Release|Any CPU
		{F88670A7-6E91-444D-AB57-AD6F875E5465}.Release|Any CPU.Build.0 = Release|Any CPU
		{74D26C59-53BC-4F28-BD14-1BE4D7FB255D}.Debug|Any CPU.ActiveCfg = Debug|Any CPU
		{74D26C59-53BC-4F28-BD14-1BE4D7FB255D}.Debug|Any CPU.Build.0 = Debug|Any CPU
		{74D26C59-53BC-4F28-BD14-1BE4D7FB255D}.Release|Any CPU.ActiveCfg = Release|Any CPU
		{74D26C59-53BC-4F28-BD14-1BE4D7FB255D}.Release|Any CPU.Build.0 = Release|Any CPU
		{371BE112-EBD3-4151-9975-E9B8165235C7}.Debug|Any CPU.ActiveCfg = Debug|Any CPU
		{371BE112-EBD3-4151-9975-E9B8165235C7}.Debug|Any CPU.Build.0 = Debug|Any CPU
		{371BE112-EBD3-4151-9975-E9B8165235C7}.Release|Any CPU.ActiveCfg = Release|Any CPU
		{371BE112-EBD3-4151-9975-E9B8165235C7}.Release|Any CPU.Build.0 = Release|Any CPU
		{2C07002F-C0C2-42B1-8B67-00219F6DC2A4}.Debug|Any CPU.ActiveCfg = Debug|Any CPU
		{2C07002F-C0C2-42B1-8B67-00219F6DC2A4}.Debug|Any CPU.Build.0 = Debug|Any CPU
		{2C07002F-C0C2-42B1-8B67-00219F6DC2A4}.Release|Any CPU.ActiveCfg = Release|Any CPU
		{2C07002F-C0C2-42B1-8B67-00219F6DC2A4}.Release|Any CPU.Build.0 = Release|Any CPU
		{3CFB5A14-164D-4D49-867A-A4E078F2A8FA}.Debug|Any CPU.ActiveCfg = Debug|Any CPU
		{3CFB5A14-164D-4D49-867A-A4E078F2A8FA}.Debug|Any CPU.Build.0 = Debug|Any CPU
		{3CFB5A14-164D-4D49-867A-A4E078F2A8FA}.Release|Any CPU.ActiveCfg = Release|Any CPU
		{3CFB5A14-164D-4D49-867A-A4E078F2A8FA}.Release|Any CPU.Build.0 = Release|Any CPU
		{ADE0CF13-29BC-4018-BE45-8736B926A4DF}.Debug|Any CPU.ActiveCfg = Debug|Any CPU
		{ADE0CF13-29BC-4018-BE45-8736B926A4DF}.Debug|Any CPU.Build.0 = Debug|Any CPU
		{ADE0CF13-29BC-4018-BE45-8736B926A4DF}.Release|Any CPU.ActiveCfg = Release|Any CPU
		{ADE0CF13-29BC-4018-BE45-8736B926A4DF}.Release|Any CPU.Build.0 = Release|Any CPU
	EndGlobalSection
	GlobalSection(SolutionProperties) = preSolution
		HideSolutionNode = FALSE
	EndGlobalSection
	GlobalSection(NestedProjects) = preSolution
		{4ADA3462-0AAC-473A-B4C2-47922518EFB8} = {1818285C-E12E-4FF5-A993-8F87A4E57FCB}
		{BABCA3EB-8F69-408C-8712-7B0D05C03413} = {BFE32A28-6227-482B-A7B0-7EB7894CED62}
		{A7ED4B87-439E-43D0-8E03-A8C737059F66} = {1818285C-E12E-4FF5-A993-8F87A4E57FCB}
		{CE313CFE-F96C-4AAD-935F-B4E95725AC45} = {1818285C-E12E-4FF5-A993-8F87A4E57FCB}
		{242114C9-1C40-4155-BD8F-839338E2C620} = {1818285C-E12E-4FF5-A993-8F87A4E57FCB}
		{F88670A7-6E91-444D-AB57-AD6F875E5465} = {1818285C-E12E-4FF5-A993-8F87A4E57FCB}
		{74D26C59-53BC-4F28-BD14-1BE4D7FB255D} = {1818285C-E12E-4FF5-A993-8F87A4E57FCB}
		{371BE112-EBD3-4151-9975-E9B8165235C7} = {1818285C-E12E-4FF5-A993-8F87A4E57FCB}
		{2C07002F-C0C2-42B1-8B67-00219F6DC2A4} = {1818285C-E12E-4FF5-A993-8F87A4E57FCB}
		{3CFB5A14-164D-4D49-867A-A4E078F2A8FA} = {1818285C-E12E-4FF5-A993-8F87A4E57FCB}
		{ADE0CF13-29BC-4018-BE45-8736B926A4DF} = {1818285C-E12E-4FF5-A993-8F87A4E57FCB}
	EndGlobalSection
	GlobalSection(ExtensibilityGlobals) = postSolution
		SolutionGuid = {5A2CDF49-F929-41DF-8523-D94A8333A320}
	EndGlobalSection
EndGlobal
